
Microsoft Visual Studio Solution File, Format Version 12.00
# Visual Studio Version 17
VisualStudioVersion = 17.13.35931.197 d17.13
MinimumVisualStudioVersion = 10.0.40219.1
Project("{FAE04EC0-301F-11D3-BF4B-00C04F79EFBC}") = "E_Commerce_WebApplication", "E_Commerce_WebApplication\E_Commerce_WebApplication.csproj", "{DA603070-870B-4FD7-9C6A-268C48DC66F4}"
EndProject
Global
	GlobalSection(SolutionConfigurationPlatforms) = preSolution
		Debug|Any CPU = Debug|Any CPU
		Release|Any CPU = Release|Any CPU
	EndGlobalSection
	GlobalSection(ProjectConfigurationPlatforms) = postSolution
		{DA603070-870B-4FD7-9C6A-268C48DC66F4}.Debug|Any CPU.ActiveCfg = Debug|Any CPU
		{DA603070-870B-4FD7-9C6A-268C48DC66F4}.Debug|Any CPU.Build.0 = Debug|Any CPU
		{DA603070-870B-4FD7-9C6A-268C48DC66F4}.Release|Any CPU.ActiveCfg = Release|Any CPU
		{DA603070-870B-4FD7-9C6A-268C48DC66F4}.Release|Any CPU.Build.0 = Release|Any CPU
	EndGlobalSection
	GlobalSection(SolutionProperties) = preSolution
		HideSolutionNode = FALSE
	EndGlobalSection
	GlobalSection(ExtensibilityGlobals) = postSolution
		SolutionGuid = {52613D1B-1C83-48CE-A181-3875A63E75CC}
	EndGlobalSection
EndGlobal
